
Microsoft Visual Studio Solution File, Format Version 12.00
# Visual Studio Version 16
VisualStudioVersion = 16.0.31321.278
MinimumVisualStudioVersion = 10.0.40219.1
Project("{FAE04EC0-301F-11D3-BF4B-00C04F79EFBC}") = "Blazor003", "Blazor003\Blazor003.csproj", "{3CFEB454-FB18-4614-8C77-1163E7D9B8A1}"
EndProject
Project("{2150E333-8FDC-42A3-9474-1A3956D46DE8}") = "Solution Items", "Solution Items", "{57A77934-ACDB-433F-941D-C8FDB8931B24}"
	ProjectSection(SolutionItems) = preProject
		intro.md = intro.md
	EndProjectSection
EndProject
Project("{FAE04EC0-301F-11D3-BF4B-00C04F79EFBC}") = "Blazor003.repo", "Blazor003.repo\Blazor003.repo.csproj", "{FDA1BB16-A6BA-47B2-97E7-C8EF3042A596}"
EndProject
Project("{FAE04EC0-301F-11D3-BF4B-00C04F79EFBC}") = "Blazor003.Con", "Blazor003.Con\Blazor003.Con.csproj", "{999CC025-40F9-46DB-9629-159BB6103DA4}"
EndProject
Global
	GlobalSection(SolutionConfigurationPlatforms) = preSolution
		Debug|Any CPU = Debug|Any CPU
		Release|Any CPU = Release|Any CPU
	EndGlobalSection
	GlobalSection(ProjectConfigurationPlatforms) = postSolution
		{3CFEB454-FB18-4614-8C77-1163E7D9B8A1}.Debug|Any CPU.ActiveCfg = Debug|Any CPU
		{3CFEB454-FB18-4614-8C77-1163E7D9B8A1}.Debug|Any CPU.Build.0 = Debug|Any CPU
		{3CFEB454-FB18-4614-8C77-1163E7D9B8A1}.Release|Any CPU.ActiveCfg = Release|Any CPU
		{3CFEB454-FB18-4614-8C77-1163E7D9B8A1}.Release|Any CPU.Build.0 = Release|Any CPU
		{FDA1BB16-A6BA-47B2-97E7-C8EF3042A596}.Debug|Any CPU.ActiveCfg = Debug|Any CPU
		{FDA1BB16-A6BA-47B2-97E7-C8EF3042A596}.Debug|Any CPU.Build.0 = Debug|Any CPU
		{FDA1BB16-A6BA-47B2-97E7-C8EF3042A596}.Release|Any CPU.ActiveCfg = Release|Any CPU
		{FDA1BB16-A6BA-47B2-97E7-C8EF3042A596}.Release|Any CPU.Build.0 = Release|Any CPU
		{999CC025-40F9-46DB-9629-159BB6103DA4}.Debug|Any CPU.ActiveCfg = Debug|Any CPU
		{999CC025-40F9-46DB-9629-159BB6103DA4}.Debug|Any CPU.Build.0 = Debug|Any CPU
		{999CC025-40F9-46DB-9629-159BB6103DA4}.Release|Any CPU.ActiveCfg = Release|Any CPU
		{999CC025-40F9-46DB-9629-159BB6103DA4}.Release|Any CPU.Build.0 = Release|Any CPU
	EndGlobalSection
	GlobalSection(SolutionProperties) = preSolution
		HideSolutionNode = FALSE
	EndGlobalSection
	GlobalSection(ExtensibilityGlobals) = postSolution
		SolutionGuid = {AAE9D195-CF33-4298-AD26-1E6FBC9DF34D}
	EndGlobalSection
EndGlobal
